
Microsoft Visual Studio Solution File, Format Version 11.00
# Visual Studio 2010
Project("{2150E333-8FDC-42A3-9474-1A3956D46DE8}") = "lib", "lib", "{C1C925D0-FC38-4C27-817F-166EA1405B2B}"
	ProjectSection(SolutionItems) = preProject
		lib\AutoMoq.dll = lib\AutoMoq.dll
		lib\BouncyCastle.Crypto.dll = lib\BouncyCastle.Crypto.dll
		lib\EntityFramework.dll = lib\EntityFramework.dll
		lib\Iesi.Collections.dll = lib\Iesi.Collections.dll
		lib\log4net.dll = lib\log4net.dll
		lib\Microsoft.Practices.ServiceLocation.dll = lib\Microsoft.Practices.ServiceLocation.dll
		lib\Microsoft.Practices.Unity.Configuration.dll = lib\Microsoft.Practices.Unity.Configuration.dll
		lib\Microsoft.Practices.Unity.dll = lib\Microsoft.Practices.Unity.dll
		lib\NHibernate.dll = lib\NHibernate.dll
		lib\NServiceBus.Claims.dll = lib\NServiceBus.Claims.dll
		lib\NServiceBus.Core.dll = lib\NServiceBus.Core.dll
		lib\NServiceBus.dll = lib\NServiceBus.dll
		lib\NServiceBus.Host.exe = lib\NServiceBus.Host.exe
		lib\NServiceBus.NHibernate.dll = lib\NServiceBus.NHibernate.dll
		lib\NServiceBus.ObjectBuilder.StructureMap.dll = lib\NServiceBus.ObjectBuilder.StructureMap.dll
		lib\NServiceBus.Unicast.Transport.ServiceBroker.dll = lib\NServiceBus.Unicast.Transport.ServiceBroker.dll
		lib\ServiceBroker.Net.dll = lib\ServiceBroker.Net.dll
		lib\ServiceStack.Text.dll = lib\ServiceStack.Text.dll
		lib\Should.dll = lib\Should.dll
		lib\Simple.Data.SqlServer.dll = lib\Simple.Data.SqlServer.dll
		lib\StructureMap.dll = lib\StructureMap.dll
		lib\TechTalk.SpecFlow.dll = lib\TechTalk.SpecFlow.dll
	EndProjectSection
EndProject
Project("{FAE04EC0-301F-11D3-BF4B-00C04F79EFBC}") = "AdaptateurEndpoint.Config", "AdaptateurEndpoint.Config\AdaptateurEndpoint.Config.csproj", "{170D1B64-0A4B-42A5-A550-B2FED64EBA03}"
EndProject
Project("{FAE04EC0-301F-11D3-BF4B-00C04F79EFBC}") = "CommandEndpoint.Config", "CommandEndpoint.Config\CommandEndpoint.Config.csproj", "{32407B40-4B8F-4EB6-902B-B9007B446B53}"
EndProject
Project("{FAE04EC0-301F-11D3-BF4B-00C04F79EFBC}") = "NServiceBus.Claims", "NServiceBus.Claims\NServiceBus.Claims.csproj", "{15348C06-037F-43C4-BB44-8B0BE41697DA}"
EndProject
Project("{FAE04EC0-301F-11D3-BF4B-00C04F79EFBC}") = "NServiceBus.FileShareDataBusManagement", "NServiceBus.FileShareDataBusManagement\NServiceBus.FileShareDataBusManagement.csproj", "{0F580170-C195-4D7A-92E5-3C7885D3669B}"
EndProject
Project("{FAE04EC0-301F-11D3-BF4B-00C04F79EFBC}") = "NServiceBus.Signing", "NServiceBus.Signing\NServiceBus.Signing.csproj", "{03C3630D-DF8D-4269-A931-58DE286124A4}"
EndProject
Project("{FAE04EC0-301F-11D3-BF4B-00C04F79EFBC}") = "NServiceBus.SqlDataBus", "NServiceBus.SqlDataBus\NServiceBus.SqlDataBus.csproj", "{CDF66ED4-E7C4-40BF-AB81-4F00F07DC636}"
EndProject
Project("{FAE04EC0-301F-11D3-BF4B-00C04F79EFBC}") = "NServiceBus.Unicast.Transport.ServiceBroker", "NServiceBus.Unicast.Transport.ServiceBroker\NServiceBus.Unicast.Transport.ServiceBroker.csproj", "{79A15565-916C-41A0-BD86-AC806838D8CB}"
EndProject
Project("{FAE04EC0-301F-11D3-BF4B-00C04F79EFBC}") = "NServiceBus.Unicast.Transport.ServiceBroker.DataBus", "NServiceBus.Unicast.Transport.ServiceBroker.DateBus\NServiceBus.Unicast.Transport.ServiceBroker.DataBus.csproj", "{8BA0613E-4C4D-4E7B-B1CB-A96123FECDEB}"
EndProject
Project("{FAE04EC0-301F-11D3-BF4B-00C04F79EFBC}") = "ProcessingEndpoint.Config", "ProcessingEndpoint.Config\ProcessingEndpoint.Config.csproj", "{9CBA269B-6716-44CD-9D9D-B369409FB19A}"
EndProject
Project("{FAE04EC0-301F-11D3-BF4B-00C04F79EFBC}") = "SimpleCqrs", "SimpleCqrs\SimpleCqrs.csproj", "{E04C12B5-A6D3-4D64-9F38-896BEE68162E}"
EndProject
Project("{FAE04EC0-301F-11D3-BF4B-00C04F79EFBC}") = "SimpleCqrs.EventStore.SqlServer", "SimpleCqrs.EventStore.SqlServer\SimpleCqrs.EventStore.SqlServer.csproj", "{BEEBFC8E-91EC-4E24-8223-395C2302C1B3}"
EndProject
Project("{FAE04EC0-301F-11D3-BF4B-00C04F79EFBC}") = "SimpleCqrs.NServiceBus", "SimpleCqrs.NServiceBus.Core\SimpleCqrs.NServiceBus.csproj", "{07C2BF77-9646-4C39-BDB2-852B76AA6C75}"
EndProject
Project("{FAE04EC0-301F-11D3-BF4B-00C04F79EFBC}") = "SimpleCqrs.Unity", "SimpleCqrs.Unity\SimpleCqrs.Unity.csproj", "{00634E6C-A282-404A-B08B-338FD4CA41A9}"
EndProject
Project("{FAE04EC0-301F-11D3-BF4B-00C04F79EFBC}") = "SimpleCqrs.Utilites", "SimpleCqrs.Utilites\SimpleCqrs.Utilites.csproj", "{266DAB4E-3EAD-46A5-88D5-0D9B6EC73A86}"
EndProject
Project("{FAE04EC0-301F-11D3-BF4B-00C04F79EFBC}") = "ViewModelEndpoint.Config", "ViewModelEndpoint.Config\ViewModelEndpoint.Config.csproj", "{89011731-14AE-4349-9723-8DF140E97DAC}"
EndProject
Project("{2150E333-8FDC-42A3-9474-1A3956D46DE8}") = "CQRS", "CQRS", "{4CBCA1F8-9BE6-4FFA-8DF2-DB166DE57DE6}"
EndProject
Project("{FAE04EC0-301F-11D3-BF4B-00C04F79EFBC}") = "TestAsm", "TestAsm\TestAsm.csproj", "{4FD8A046-88E3-4052-9543-B9D680534A54}"
EndProject
Project("{FAE04EC0-301F-11D3-BF4B-00C04F79EFBC}") = "Demo.Processing", "Demo.Processing\Demo.Processing.csproj", "{F1A1A3C2-2693-4082-B1F1-6B5A675884A6}"
EndProject
Project("{FAE04EC0-301F-11D3-BF4B-00C04F79EFBC}") = "Demo.Commands", "Demo.Commands\Demo.Commands.csproj", "{F01131C7-10BF-4DC0-8A8A-BB55FFF740C5}"
EndProject
Project("{FAE04EC0-301F-11D3-BF4B-00C04F79EFBC}") = "Demo.Domain", "Demo.Domain\Demo.Domain.csproj", "{B3F9C1B6-9EA7-4A78-AC19-86A210893376}"
EndProject
Project("{FAE04EC0-301F-11D3-BF4B-00C04F79EFBC}") = "Demo.Denormalizers", "Demo.Denormalizers\Demo.Denormalizers.csproj", "{070AE642-3CB4-42C6-8232-31053ABF45BB}"
EndProject
Project("{FAE04EC0-301F-11D3-BF4B-00C04F79EFBC}") = "Demo.Events", "Demo.Events\Demo.Events.csproj", "{589A8320-F7FD-44BA-A734-5C69E8B917D4}"
EndProject
Project("{FAE04EC0-301F-11D3-BF4B-00C04F79EFBC}") = "Demo.ViewModel", "Demo.ViewModel\Demo.ViewModel.csproj", "{4C0F68EA-122A-418D-9A47-D950ED8E2AB5}"
EndProject
Project("{FAE04EC0-301F-11D3-BF4B-00C04F79EFBC}") = "Demo.Web", "Demo.Web\Demo.Web.csproj", "{FF1E28F2-58E4-4914-AA53-7569B1E34B28}"
EndProject
Project("{FAE04EC0-301F-11D3-BF4B-00C04F79EFBC}") = "Demo.Shipping.ViewModel", "Demo.Shipping.ViewModel\Demo.Shipping.ViewModel.csproj", "{21756B5E-15A7-4ADF-8715-14A94FFD88FE}"
EndProject
Project("{FAE04EC0-301F-11D3-BF4B-00C04F79EFBC}") = "ShippingConsole", "ShippingConsole\ShippingConsole.csproj", "{DE52000C-B543-4874-8647-38ED9E4C5481}"
EndProject
Project("{FAE04EC0-301F-11D3-BF4B-00C04F79EFBC}") = "MvcMusicStore", "MvcMusicStore\MvcMusicStore.csproj", "{32DCD27D-A84C-4250-B657-408B3620A9AC}"
EndProject
Project("{C8D11400-126E-41CD-887F-60BD40844F9E}") = "Demo.Data.CQRS", "Demo.Data.CQRS\Demo.Data.CQRS.dbproj", "{67CBC824-A49E-4E9B-A947-360F3DFE65C3}"
EndProject
Project("{C8D11400-126E-41CD-887F-60BD40844F9E}") = "Demo.Data.MVC", "Demo.Data.MVC\Demo.Data.MVC.dbproj", "{652272E4-DF08-47E7-98BB-F99157B46C4A}"
EndProject
Global
	GlobalSection(TeamFoundationVersionControl) = preSolution
		SccNumberOfProjects = 29
		SccEnterpriseProvider = {4CA58AB2-18FA-4F8D-95D4-32DDF27D184C}
		SccTeamFoundationServer = https://tfs.codeplex.com/tfs/tfs05
		SccLocalPath0 = .
		SccProjectUniqueName1 = AdaptateurEndpoint.Config\\AdaptateurEndpoint.Config.csproj
		SccProjectTopLevelParentUniqueName1 = CSSMIComplet.sln
		SccProjectName1 = AdaptateurEndpoint.Config
		SccLocalPath1 = AdaptateurEndpoint.Config
		SccProjectUniqueName2 = CommandEndpoint.Config\\CommandEndpoint.Config.csproj
		SccProjectTopLevelParentUniqueName2 = CSSMIComplet.sln
		SccProjectName2 = CommandEndpoint.Config
		SccLocalPath2 = CommandEndpoint.Config
		SccProjectUniqueName3 = Demo.Commands\\Demo.Commands.csproj
		SccProjectName3 = Demo.Commands
		SccLocalPath3 = Demo.Commands
		SccProjectUniqueName4 = Demo.Data.CQRS\\Demo.Data.CQRS.dbproj
		SccProjectName4 = Demo.Data.CQRS
		SccLocalPath4 = Demo.Data.CQRS
		SccProjectUniqueName5 = Demo.Data.MVC\\Demo.Data.MVC.dbproj
		SccProjectName5 = Demo.Data.MVC
		SccLocalPath5 = Demo.Data.MVC
		SccProjectUniqueName6 = Demo.Denormalizers\\Demo.Denormalizers.csproj
		SccProjectName6 = Demo.Denormalizers
		SccLocalPath6 = Demo.Denormalizers
		SccProjectUniqueName7 = Demo.Domain\\Demo.Domain.csproj
		SccProjectName7 = Demo.Domain
		SccLocalPath7 = Demo.Domain
		SccProjectUniqueName8 = Demo.Events\\Demo.Events.csproj
		SccProjectName8 = Demo.Events
		SccLocalPath8 = Demo.Events
		SccProjectUniqueName9 = Demo.Processing\\Demo.Processing.csproj
		SccProjectName9 = Demo.Processing
		SccLocalPath9 = Demo.Processing
		SccProjectUniqueName10 = Demo.Shipping.ViewModel\\Demo.Shipping.ViewModel.csproj
		SccProjectName10 = Demo.Shipping.ViewModel
		SccLocalPath10 = Demo.Shipping.ViewModel
		SccProjectUniqueName11 = Demo.ViewModel\\Demo.ViewModel.csproj
		SccProjectName11 = Demo.ViewModel
		SccLocalPath11 = Demo.ViewModel
		SccProjectUniqueName12 = Demo.Web\\Demo.Web.csproj
		SccProjectName12 = Demo.Web
		SccLocalPath12 = Demo.Web
		SccProjectUniqueName13 = MvcMusicStore\\MvcMusicStore.csproj
		SccProjectName13 = MvcMusicStore
		SccLocalPath13 = MvcMusicStore
		SccProjectUniqueName14 = NServiceBus.Claims\\NServiceBus.Claims.csproj
		SccProjectTopLevelParentUniqueName14 = CSSMIComplet.sln
		SccProjectName14 = NServiceBus.Claims
		SccLocalPath14 = NServiceBus.Claims
		SccProjectUniqueName15 = NServiceBus.FileShareDataBusManagement\\NServiceBus.FileShareDataBusManagement.csproj
		SccProjectTopLevelParentUniqueName15 = CSSMIComplet.sln
		SccProjectName15 = NServiceBus.FileShareDataBusManagement
		SccLocalPath15 = NServiceBus.FileShareDataBusManagement
		SccProjectUniqueName16 = NServiceBus.Signing\\NServiceBus.Signing.csproj
		SccProjectTopLevelParentUniqueName16 = CSSMIComplet.sln
		SccProjectName16 = NServiceBus.Signing
		SccLocalPath16 = NServiceBus.Signing
		SccProjectUniqueName17 = NServiceBus.SqlDataBus\\NServiceBus.SqlDataBus.csproj
		SccProjectTopLevelParentUniqueName17 = CSSMIComplet.sln
		SccProjectName17 = NServiceBus.SqlDataBus
		SccLocalPath17 = NServiceBus.SqlDataBus
		SccProjectUniqueName18 = NServiceBus.Unicast.Transport.ServiceBroker.DateBus\\NServiceBus.Unicast.Transport.ServiceBroker.DataBus.csproj
		SccProjectTopLevelParentUniqueName18 = CSSMIComplet.sln
		SccProjectName18 = NServiceBus.Unicast.Transport.ServiceBroker.DateBus
		SccLocalPath18 = NServiceBus.Unicast.Transport.ServiceBroker.DateBus
		SccProjectUniqueName19 = NServiceBus.Unicast.Transport.ServiceBroker\\NServiceBus.Unicast.Transport.ServiceBroker.csproj
		SccProjectTopLevelParentUniqueName19 = CSSMIComplet.sln
		SccProjectName19 = NServiceBus.Unicast.Transport.ServiceBroker
		SccLocalPath19 = NServiceBus.Unicast.Transport.ServiceBroker
		SccProjectUniqueName20 = ProcessingEndpoint.Config\\ProcessingEndpoint.Config.csproj
		SccProjectTopLevelParentUniqueName20 = CSSMIComplet.sln
		SccProjectName20 = ProcessingEndpoint.Config
		SccLocalPath20 = ProcessingEndpoint.Config
		SccProjectUniqueName21 = ShippingConsole\\ShippingConsole.csproj
		SccProjectName21 = ShippingConsole
		SccLocalPath21 = ShippingConsole
		SccProjectUniqueName22 = SimpleCqrs.EventStore.SqlServer\\SimpleCqrs.EventStore.SqlServer.csproj
		SccProjectTopLevelParentUniqueName22 = CSSMIComplet.sln
		SccProjectName22 = SimpleCqrs.EventStore.SqlServer
		SccLocalPath22 = SimpleCqrs.EventStore.SqlServer
		SccProjectUniqueName23 = SimpleCqrs.NServiceBus.Core\\SimpleCqrs.NServiceBus.csproj
		SccProjectTopLevelParentUniqueName23 = CSSMIComplet.sln
		SccProjectName23 = SimpleCqrs.NServiceBus.Core
		SccLocalPath23 = SimpleCqrs.NServiceBus.Core
		SccProjectUniqueName24 = SimpleCqrs.Unity\\SimpleCqrs.Unity.csproj
		SccProjectTopLevelParentUniqueName24 = CSSMIComplet.sln
		SccProjectName24 = SimpleCqrs.Unity
		SccLocalPath24 = SimpleCqrs.Unity
		SccProjectUniqueName25 = SimpleCqrs.Utilites\\SimpleCqrs.Utilites.csproj
		SccProjectTopLevelParentUniqueName25 = CSSMIComplet.sln
		SccProjectName25 = SimpleCqrs.Utilites
		SccLocalPath25 = SimpleCqrs.Utilites
		SccProjectUniqueName26 = SimpleCqrs\\SimpleCqrs.csproj
		SccProjectTopLevelParentUniqueName26 = CSSMIComplet.sln
		SccProjectName26 = SimpleCqrs
		SccLocalPath26 = SimpleCqrs
		SccProjectUniqueName27 = TestAsm\\TestAsm.csproj
		SccProjectTopLevelParentUniqueName27 = CSSMIComplet.sln
		SccProjectName27 = TestAsm
		SccLocalPath27 = TestAsm
		SccProjectUniqueName28 = ViewModelEndpoint.Config\\ViewModelEndpoint.Config.csproj
		SccProjectTopLevelParentUniqueName28 = CSSMIComplet.sln
		SccProjectName28 = ViewModelEndpoint.Config
		SccLocalPath28 = ViewModelEndpoint.Config
	EndGlobalSection
	GlobalSection(SolutionConfigurationPlatforms) = preSolution
		Debug|Any CPU = Debug|Any CPU
		Debug|Mixed Platforms = Debug|Mixed Platforms
		Debug|x86 = Debug|x86
		Release|Any CPU = Release|Any CPU
		Release|Mixed Platforms = Release|Mixed Platforms
		Release|x86 = Release|x86
	EndGlobalSection
	GlobalSection(ProjectConfigurationPlatforms) = postSolution
		{170D1B64-0A4B-42A5-A550-B2FED64EBA03}.Debug|Any CPU.ActiveCfg = Debug|Any CPU
		{170D1B64-0A4B-42A5-A550-B2FED64EBA03}.Debug|Any CPU.Build.0 = Debug|Any CPU
		{170D1B64-0A4B-42A5-A550-B2FED64EBA03}.Debug|Mixed Platforms.ActiveCfg = Debug|Any CPU
		{170D1B64-0A4B-42A5-A550-B2FED64EBA03}.Debug|Mixed Platforms.Build.0 = Debug|Any CPU
		{170D1B64-0A4B-42A5-A550-B2FED64EBA03}.Debug|x86.ActiveCfg = Debug|Any CPU
		{170D1B64-0A4B-42A5-A550-B2FED64EBA03}.Release|Any CPU.ActiveCfg = Release|Any CPU
		{170D1B64-0A4B-42A5-A550-B2FED64EBA03}.Release|Any CPU.Build.0 = Release|Any CPU
		{170D1B64-0A4B-42A5-A550-B2FED64EBA03}.Release|Mixed Platforms.ActiveCfg = Release|Any CPU
		{170D1B64-0A4B-42A5-A550-B2FED64EBA03}.Release|Mixed Platforms.Build.0 = Release|Any CPU
		{170D1B64-0A4B-42A5-A550-B2FED64EBA03}.Release|x86.ActiveCfg = Release|Any CPU
		{32407B40-4B8F-4EB6-902B-B9007B446B53}.Debug|Any CPU.ActiveCfg = Debug|Any CPU
		{32407B40-4B8F-4EB6-902B-B9007B446B53}.Debug|Any CPU.Build.0 = Debug|Any CPU
		{32407B40-4B8F-4EB6-902B-B9007B446B53}.Debug|Mixed Platforms.ActiveCfg = Debug|Any CPU
		{32407B40-4B8F-4EB6-902B-B9007B446B53}.Debug|Mixed Platforms.Build.0 = Debug|Any CPU
		{32407B40-4B8F-4EB6-902B-B9007B446B53}.Debug|x86.ActiveCfg = Debug|Any CPU
		{32407B40-4B8F-4EB6-902B-B9007B446B53}.Release|Any CPU.ActiveCfg = Release|Any CPU
		{32407B40-4B8F-4EB6-902B-B9007B446B53}.Release|Any CPU.Build.0 = Release|Any CPU
		{32407B40-4B8F-4EB6-902B-B9007B446B53}.Release|Mixed Platforms.ActiveCfg = Release|Any CPU
		{32407B40-4B8F-4EB6-902B-B9007B446B53}.Release|Mixed Platforms.Build.0 = Release|Any CPU
		{32407B40-4B8F-4EB6-902B-B9007B446B53}.Release|x86.ActiveCfg = Release|Any CPU
		{15348C06-037F-43C4-BB44-8B0BE41697DA}.Debug|Any CPU.ActiveCfg = Debug|Any CPU
		{15348C06-037F-43C4-BB44-8B0BE41697DA}.Debug|Any CPU.Build.0 = Debug|Any CPU
		{15348C06-037F-43C4-BB44-8B0BE41697DA}.Debug|Mixed Platforms.ActiveCfg = Debug|Any CPU
		{15348C06-037F-43C4-BB44-8B0BE41697DA}.Debug|Mixed Platforms.Build.0 = Debug|Any CPU
		{15348C06-037F-43C4-BB44-8B0BE41697DA}.Debug|x86.ActiveCfg = Debug|Any CPU
		{15348C06-037F-43C4-BB44-8B0BE41697DA}.Release|Any CPU.ActiveCfg = Release|Any CPU
		{15348C06-037F-43C4-BB44-8B0BE41697DA}.Release|Any CPU.Build.0 = Release|Any CPU
		{15348C06-037F-43C4-BB44-8B0BE41697DA}.Release|Mixed Platforms.ActiveCfg = Release|Any CPU
		{15348C06-037F-43C4-BB44-8B0BE41697DA}.Release|Mixed Platforms.Build.0 = Release|Any CPU
		{15348C06-037F-43C4-BB44-8B0BE41697DA}.Release|x86.ActiveCfg = Release|Any CPU
		{0F580170-C195-4D7A-92E5-3C7885D3669B}.Debug|Any CPU.ActiveCfg = Debug|Any CPU
		{0F580170-C195-4D7A-92E5-3C7885D3669B}.Debug|Any CPU.Build.0 = Debug|Any CPU
		{0F580170-C195-4D7A-92E5-3C7885D3669B}.Debug|Mixed Platforms.ActiveCfg = Debug|Any CPU
		{0F580170-C195-4D7A-92E5-3C7885D3669B}.Debug|Mixed Platforms.Build.0 = Debug|Any CPU
		{0F580170-C195-4D7A-92E5-3C7885D3669B}.Debug|x86.ActiveCfg = Debug|Any CPU
		{0F580170-C195-4D7A-92E5-3C7885D3669B}.Release|Any CPU.ActiveCfg = Release|Any CPU
		{0F580170-C195-4D7A-92E5-3C7885D3669B}.Release|Any CPU.Build.0 = Release|Any CPU
		{0F580170-C195-4D7A-92E5-3C7885D3669B}.Release|Mixed Platforms.ActiveCfg = Release|Any CPU
		{0F580170-C195-4D7A-92E5-3C7885D3669B}.Release|Mixed Platforms.Build.0 = Release|Any CPU
		{0F580170-C195-4D7A-92E5-3C7885D3669B}.Release|x86.ActiveCfg = Release|Any CPU
		{03C3630D-DF8D-4269-A931-58DE286124A4}.Debug|Any CPU.ActiveCfg = Debug|Any CPU
		{03C3630D-DF8D-4269-A931-58DE286124A4}.Debug|Any CPU.Build.0 = Debug|Any CPU
		{03C3630D-DF8D-4269-A931-58DE286124A4}.Debug|Mixed Platforms.ActiveCfg = Debug|Any CPU
		{03C3630D-DF8D-4269-A931-58DE286124A4}.Debug|Mixed Platforms.Build.0 = Debug|Any CPU
		{03C3630D-DF8D-4269-A931-58DE286124A4}.Debug|x86.ActiveCfg = Debug|Any CPU
		{03C3630D-DF8D-4269-A931-58DE286124A4}.Release|Any CPU.ActiveCfg = Release|Any CPU
		{03C3630D-DF8D-4269-A931-58DE286124A4}.Release|Any CPU.Build.0 = Release|Any CPU
		{03C3630D-DF8D-4269-A931-58DE286124A4}.Release|Mixed Platforms.ActiveCfg = Release|Any CPU
		{03C3630D-DF8D-4269-A931-58DE286124A4}.Release|Mixed Platforms.Build.0 = Release|Any CPU
		{03C3630D-DF8D-4269-A931-58DE286124A4}.Release|x86.ActiveCfg = Release|Any CPU
		{CDF66ED4-E7C4-40BF-AB81-4F00F07DC636}.Debug|Any CPU.ActiveCfg = Debug|Any CPU
		{CDF66ED4-E7C4-40BF-AB81-4F00F07DC636}.Debug|Any CPU.Build.0 = Debug|Any CPU
		{CDF66ED4-E7C4-40BF-AB81-4F00F07DC636}.Debug|Mixed Platforms.ActiveCfg = Debug|Any CPU
		{CDF66ED4-E7C4-40BF-AB81-4F00F07DC636}.Debug|Mixed Platforms.Build.0 = Debug|Any CPU
		{CDF66ED4-E7C4-40BF-AB81-4F00F07DC636}.Debug|x86.ActiveCfg = Debug|Any CPU
		{CDF66ED4-E7C4-40BF-AB81-4F00F07DC636}.Release|Any CPU.ActiveCfg = Release|Any CPU
		{CDF66ED4-E7C4-40BF-AB81-4F00F07DC636}.Release|Any CPU.Build.0 = Release|Any CPU
		{CDF66ED4-E7C4-40BF-AB81-4F00F07DC636}.Release|Mixed Platforms.ActiveCfg = Release|Any CPU
		{CDF66ED4-E7C4-40BF-AB81-4F00F07DC636}.Release|Mixed Platforms.Build.0 = Release|Any CPU
		{CDF66ED4-E7C4-40BF-AB81-4F00F07DC636}.Release|x86.ActiveCfg = Release|Any CPU
		{79A15565-916C-41A0-BD86-AC806838D8CB}.Debug|Any CPU.ActiveCfg = Debug|Any CPU
		{79A15565-916C-41A0-BD86-AC806838D8CB}.Debug|Any CPU.Build.0 = Debug|Any CPU
		{79A15565-916C-41A0-BD86-AC806838D8CB}.Debug|Mixed Platforms.ActiveCfg = Debug|Any CPU
		{79A15565-916C-41A0-BD86-AC806838D8CB}.Debug|Mixed Platforms.Build.0 = Debug|Any CPU
		{79A15565-916C-41A0-BD86-AC806838D8CB}.Debug|x86.ActiveCfg = Debug|Any CPU
		{79A15565-916C-41A0-BD86-AC806838D8CB}.Release|Any CPU.ActiveCfg = Release|Any CPU
		{79A15565-916C-41A0-BD86-AC806838D8CB}.Release|Any CPU.Build.0 = Release|Any CPU
		{79A15565-916C-41A0-BD86-AC806838D8CB}.Release|Mixed Platforms.ActiveCfg = Release|Any CPU
		{79A15565-916C-41A0-BD86-AC806838D8CB}.Release|Mixed Platforms.Build.0 = Release|Any CPU
		{79A15565-916C-41A0-BD86-AC806838D8CB}.Release|x86.ActiveCfg = Release|Any CPU
		{8BA0613E-4C4D-4E7B-B1CB-A96123FECDEB}.Debug|Any CPU.ActiveCfg = Debug|Any CPU
		{8BA0613E-4C4D-4E7B-B1CB-A96123FECDEB}.Debug|Any CPU.Build.0 = Debug|Any CPU
		{8BA0613E-4C4D-4E7B-B1CB-A96123FECDEB}.Debug|Mixed Platforms.ActiveCfg = Debug|Any CPU
		{8BA0613E-4C4D-4E7B-B1CB-A96123FECDEB}.Debug|Mixed Platforms.Build.0 = Debug|Any CPU
		{8BA0613E-4C4D-4E7B-B1CB-A96123FECDEB}.Debug|x86.ActiveCfg = Debug|Any CPU
		{8BA0613E-4C4D-4E7B-B1CB-A96123FECDEB}.Release|Any CPU.ActiveCfg = Release|Any CPU
		{8BA0613E-4C4D-4E7B-B1CB-A96123FECDEB}.Release|Any CPU.Build.0 = Release|Any CPU
		{8BA0613E-4C4D-4E7B-B1CB-A96123FECDEB}.Release|Mixed Platforms.ActiveCfg = Release|Any CPU
		{8BA0613E-4C4D-4E7B-B1CB-A96123FECDEB}.Release|Mixed Platforms.Build.0 = Release|Any CPU
		{8BA0613E-4C4D-4E7B-B1CB-A96123FECDEB}.Release|x86.ActiveCfg = Release|Any CPU
		{9CBA269B-6716-44CD-9D9D-B369409FB19A}.Debug|Any CPU.ActiveCfg = Debug|Any CPU
		{9CBA269B-6716-44CD-9D9D-B369409FB19A}.Debug|Any CPU.Build.0 = Debug|Any CPU
		{9CBA269B-6716-44CD-9D9D-B369409FB19A}.Debug|Mixed Platforms.ActiveCfg = Debug|Any CPU
		{9CBA269B-6716-44CD-9D9D-B369409FB19A}.Debug|Mixed Platforms.Build.0 = Debug|Any CPU
		{9CBA269B-6716-44CD-9D9D-B369409FB19A}.Debug|x86.ActiveCfg = Debug|Any CPU
		{9CBA269B-6716-44CD-9D9D-B369409FB19A}.Release|Any CPU.ActiveCfg = Release|Any CPU
		{9CBA269B-6716-44CD-9D9D-B369409FB19A}.Release|Any CPU.Build.0 = Release|Any CPU
		{9CBA269B-6716-44CD-9D9D-B369409FB19A}.Release|Mixed Platforms.ActiveCfg = Release|Any CPU
		{9CBA269B-6716-44CD-9D9D-B369409FB19A}.Release|Mixed Platforms.Build.0 = Release|Any CPU
		{9CBA269B-6716-44CD-9D9D-B369409FB19A}.Release|x86.ActiveCfg = Release|Any CPU
		{E04C12B5-A6D3-4D64-9F38-896BEE68162E}.Debug|Any CPU.ActiveCfg = Debug|Any CPU
		{E04C12B5-A6D3-4D64-9F38-896BEE68162E}.Debug|Any CPU.Build.0 = Debug|Any CPU
		{E04C12B5-A6D3-4D64-9F38-896BEE68162E}.Debug|Mixed Platforms.ActiveCfg = Debug|Any CPU
		{E04C12B5-A6D3-4D64-9F38-896BEE68162E}.Debug|Mixed Platforms.Build.0 = Debug|Any CPU
		{E04C12B5-A6D3-4D64-9F38-896BEE68162E}.Debug|x86.ActiveCfg = Debug|Any CPU
		{E04C12B5-A6D3-4D64-9F38-896BEE68162E}.Release|Any CPU.ActiveCfg = Release|Any CPU
		{E04C12B5-A6D3-4D64-9F38-896BEE68162E}.Release|Any CPU.Build.0 = Release|Any CPU
		{E04C12B5-A6D3-4D64-9F38-896BEE68162E}.Release|Mixed Platforms.ActiveCfg = Release|Any CPU
		{E04C12B5-A6D3-4D64-9F38-896BEE68162E}.Release|Mixed Platforms.Build.0 = Release|Any CPU
		{E04C12B5-A6D3-4D64-9F38-896BEE68162E}.Release|x86.ActiveCfg = Release|Any CPU
		{BEEBFC8E-91EC-4E24-8223-395C2302C1B3}.Debug|Any CPU.ActiveCfg = Debug|Any CPU
		{BEEBFC8E-91EC-4E24-8223-395C2302C1B3}.Debug|Any CPU.Build.0 = Debug|Any CPU
		{BEEBFC8E-91EC-4E24-8223-395C2302C1B3}.Debug|Mixed Platforms.ActiveCfg = Debug|Any CPU
		{BEEBFC8E-91EC-4E24-8223-395C2302C1B3}.Debug|Mixed Platforms.Build.0 = Debug|Any CPU
		{BEEBFC8E-91EC-4E24-8223-395C2302C1B3}.Debug|x86.ActiveCfg = Debug|Any CPU
		{BEEBFC8E-91EC-4E24-8223-395C2302C1B3}.Release|Any CPU.ActiveCfg = Release|Any CPU
		{BEEBFC8E-91EC-4E24-8223-395C2302C1B3}.Release|Any CPU.Build.0 = Release|Any CPU
		{BEEBFC8E-91EC-4E24-8223-395C2302C1B3}.Release|Mixed Platforms.ActiveCfg = Release|Any CPU
		{BEEBFC8E-91EC-4E24-8223-395C2302C1B3}.Release|Mixed Platforms.Build.0 = Release|Any CPU
		{BEEBFC8E-91EC-4E24-8223-395C2302C1B3}.Release|x86.ActiveCfg = Release|Any CPU
		{07C2BF77-9646-4C39-BDB2-852B76AA6C75}.Debug|Any CPU.ActiveCfg = Debug|Any CPU
		{07C2BF77-9646-4C39-BDB2-852B76AA6C75}.Debug|Any CPU.Build.0 = Debug|Any CPU
		{07C2BF77-9646-4C39-BDB2-852B76AA6C75}.Debug|Mixed Platforms.ActiveCfg = Debug|Any CPU
		{07C2BF77-9646-4C39-BDB2-852B76AA6C75}.Debug|Mixed Platforms.Build.0 = Debug|Any CPU
		{07C2BF77-9646-4C39-BDB2-852B76AA6C75}.Debug|x86.ActiveCfg = Debug|Any CPU
		{07C2BF77-9646-4C39-BDB2-852B76AA6C75}.Release|Any CPU.ActiveCfg = Release|Any CPU
		{07C2BF77-9646-4C39-BDB2-852B76AA6C75}.Release|Any CPU.Build.0 = Release|Any CPU
		{07C2BF77-9646-4C39-BDB2-852B76AA6C75}.Release|Mixed Platforms.ActiveCfg = Release|Any CPU
		{07C2BF77-9646-4C39-BDB2-852B76AA6C75}.Release|Mixed Platforms.Build.0 = Release|Any CPU
		{07C2BF77-9646-4C39-BDB2-852B76AA6C75}.Release|x86.ActiveCfg = Release|Any CPU
		{00634E6C-A282-404A-B08B-338FD4CA41A9}.Debug|Any CPU.ActiveCfg = Debug|Any CPU
		{00634E6C-A282-404A-B08B-338FD4CA41A9}.Debug|Any CPU.Build.0 = Debug|Any CPU
		{00634E6C-A282-404A-B08B-338FD4CA41A9}.Debug|Mixed Platforms.ActiveCfg = Debug|Any CPU
		{00634E6C-A282-404A-B08B-338FD4CA41A9}.Debug|Mixed Platforms.Build.0 = Debug|Any CPU
		{00634E6C-A282-404A-B08B-338FD4CA41A9}.Debug|x86.ActiveCfg = Debug|Any CPU
		{00634E6C-A282-404A-B08B-338FD4CA41A9}.Release|Any CPU.ActiveCfg = Release|Any CPU
		{00634E6C-A282-404A-B08B-338FD4CA41A9}.Release|Any CPU.Build.0 = Release|Any CPU
		{00634E6C-A282-404A-B08B-338FD4CA41A9}.Release|Mixed Platforms.ActiveCfg = Release|Any CPU
		{00634E6C-A282-404A-B08B-338FD4CA41A9}.Release|Mixed Platforms.Build.0 = Release|Any CPU
		{00634E6C-A282-404A-B08B-338FD4CA41A9}.Release|x86.ActiveCfg = Release|Any CPU
		{266DAB4E-3EAD-46A5-88D5-0D9B6EC73A86}.Debug|Any CPU.ActiveCfg = Debug|Any CPU
		{266DAB4E-3EAD-46A5-88D5-0D9B6EC73A86}.Debug|Any CPU.Build.0 = Debug|Any CPU
		{266DAB4E-3EAD-46A5-88D5-0D9B6EC73A86}.Debug|Mixed Platforms.ActiveCfg = Debug|Any CPU
		{266DAB4E-3EAD-46A5-88D5-0D9B6EC73A86}.Debug|Mixed Platforms.Build.0 = Debug|Any CPU
		{266DAB4E-3EAD-46A5-88D5-0D9B6EC73A86}.Debug|x86.ActiveCfg = Debug|Any CPU
		{266DAB4E-3EAD-46A5-88D5-0D9B6EC73A86}.Release|Any CPU.ActiveCfg = Release|Any CPU
		{266DAB4E-3EAD-46A5-88D5-0D9B6EC73A86}.Release|Any CPU.Build.0 = Release|Any CPU
		{266DAB4E-3EAD-46A5-88D5-0D9B6EC73A86}.Release|Mixed Platforms.ActiveCfg = Release|Any CPU
		{266DAB4E-3EAD-46A5-88D5-0D9B6EC73A86}.Release|Mixed Platforms.Build.0 = Release|Any CPU
		{266DAB4E-3EAD-46A5-88D5-0D9B6EC73A86}.Release|x86.ActiveCfg = Release|Any CPU
		{89011731-14AE-4349-9723-8DF140E97DAC}.Debug|Any CPU.ActiveCfg = Debug|Any CPU
		{89011731-14AE-4349-9723-8DF140E97DAC}.Debug|Any CPU.Build.0 = Debug|Any CPU
		{89011731-14AE-4349-9723-8DF140E97DAC}.Debug|Mixed Platforms.ActiveCfg = Debug|Any CPU
		{89011731-14AE-4349-9723-8DF140E97DAC}.Debug|Mixed Platforms.Build.0 = Debug|Any CPU
		{89011731-14AE-4349-9723-8DF140E97DAC}.Debug|x86.ActiveCfg = Debug|Any CPU
		{89011731-14AE-4349-9723-8DF140E97DAC}.Release|Any CPU.ActiveCfg = Release|Any CPU
		{89011731-14AE-4349-9723-8DF140E97DAC}.Release|Any CPU.Build.0 = Release|Any CPU
		{89011731-14AE-4349-9723-8DF140E97DAC}.Release|Mixed Platforms.ActiveCfg = Release|Any CPU
		{89011731-14AE-4349-9723-8DF140E97DAC}.Release|Mixed Platforms.Build.0 = Release|Any CPU
		{89011731-14AE-4349-9723-8DF140E97DAC}.Release|x86.ActiveCfg = Release|Any CPU
		{4FD8A046-88E3-4052-9543-B9D680534A54}.Debug|Any CPU.ActiveCfg = Debug|x86
		{4FD8A046-88E3-4052-9543-B9D680534A54}.Debug|Mixed Platforms.ActiveCfg = Debug|x86
		{4FD8A046-88E3-4052-9543-B9D680534A54}.Debug|Mixed Platforms.Build.0 = Debug|x86
		{4FD8A046-88E3-4052-9543-B9D680534A54}.Debug|x86.ActiveCfg = Debug|x86
		{4FD8A046-88E3-4052-9543-B9D680534A54}.Debug|x86.Build.0 = Debug|x86
		{4FD8A046-88E3-4052-9543-B9D680534A54}.Release|Any CPU.ActiveCfg = Release|x86
		{4FD8A046-88E3-4052-9543-B9D680534A54}.Release|Mixed Platforms.ActiveCfg = Release|x86
		{4FD8A046-88E3-4052-9543-B9D680534A54}.Release|Mixed Platforms.Build.0 = Release|x86
		{4FD8A046-88E3-4052-9543-B9D680534A54}.Release|x86.ActiveCfg = Release|x86
		{4FD8A046-88E3-4052-9543-B9D680534A54}.Release|x86.Build.0 = Release|x86
		{F1A1A3C2-2693-4082-B1F1-6B5A675884A6}.Debug|Any CPU.ActiveCfg = Debug|Any CPU
		{F1A1A3C2-2693-4082-B1F1-6B5A675884A6}.Debug|Any CPU.Build.0 = Debug|Any CPU
		{F1A1A3C2-2693-4082-B1F1-6B5A675884A6}.Debug|Mixed Platforms.ActiveCfg = Debug|Any CPU
		{F1A1A3C2-2693-4082-B1F1-6B5A675884A6}.Debug|Mixed Platforms.Build.0 = Debug|Any CPU
		{F1A1A3C2-2693-4082-B1F1-6B5A675884A6}.Debug|x86.ActiveCfg = Debug|Any CPU
		{F1A1A3C2-2693-4082-B1F1-6B5A675884A6}.Release|Any CPU.ActiveCfg = Release|Any CPU
		{F1A1A3C2-2693-4082-B1F1-6B5A675884A6}.Release|Any CPU.Build.0 = Release|Any CPU
		{F1A1A3C2-2693-4082-B1F1-6B5A675884A6}.Release|Mixed Platforms.ActiveCfg = Release|Any CPU
		{F1A1A3C2-2693-4082-B1F1-6B5A675884A6}.Release|Mixed Platforms.Build.0 = Release|Any CPU
		{F1A1A3C2-2693-4082-B1F1-6B5A675884A6}.Release|x86.ActiveCfg = Release|Any CPU
		{F01131C7-10BF-4DC0-8A8A-BB55FFF740C5}.Debug|Any CPU.ActiveCfg = Debug|Any CPU
		{F01131C7-10BF-4DC0-8A8A-BB55FFF740C5}.Debug|Any CPU.Build.0 = Debug|Any CPU
		{F01131C7-10BF-4DC0-8A8A-BB55FFF740C5}.Debug|Mixed Platforms.ActiveCfg = Debug|Any CPU
		{F01131C7-10BF-4DC0-8A8A-BB55FFF740C5}.Debug|Mixed Platforms.Build.0 = Debug|Any CPU
		{F01131C7-10BF-4DC0-8A8A-BB55FFF740C5}.Debug|x86.ActiveCfg = Debug|Any CPU
		{F01131C7-10BF-4DC0-8A8A-BB55FFF740C5}.Release|Any CPU.ActiveCfg = Release|Any CPU
		{F01131C7-10BF-4DC0-8A8A-BB55FFF740C5}.Release|Any CPU.Build.0 = Release|Any CPU
		{F01131C7-10BF-4DC0-8A8A-BB55FFF740C5}.Release|Mixed Platforms.ActiveCfg = Release|Any CPU
		{F01131C7-10BF-4DC0-8A8A-BB55FFF740C5}.Release|Mixed Platforms.Build.0 = Release|Any CPU
		{F01131C7-10BF-4DC0-8A8A-BB55FFF740C5}.Release|x86.ActiveCfg = Release|Any CPU
		{B3F9C1B6-9EA7-4A78-AC19-86A210893376}.Debug|Any CPU.ActiveCfg = Debug|Any CPU
		{B3F9C1B6-9EA7-4A78-AC19-86A210893376}.Debug|Any CPU.Build.0 = Debug|Any CPU
		{B3F9C1B6-9EA7-4A78-AC19-86A210893376}.Debug|Mixed Platforms.ActiveCfg = Debug|Any CPU
		{B3F9C1B6-9EA7-4A78-AC19-86A210893376}.Debug|Mixed Platforms.Build.0 = Debug|Any CPU
		{B3F9C1B6-9EA7-4A78-AC19-86A210893376}.Debug|x86.ActiveCfg = Debug|Any CPU
		{B3F9C1B6-9EA7-4A78-AC19-86A210893376}.Release|Any CPU.ActiveCfg = Release|Any CPU
		{B3F9C1B6-9EA7-4A78-AC19-86A210893376}.Release|Any CPU.Build.0 = Release|Any CPU
		{B3F9C1B6-9EA7-4A78-AC19-86A210893376}.Release|Mixed Platforms.ActiveCfg = Release|Any CPU
		{B3F9C1B6-9EA7-4A78-AC19-86A210893376}.Release|Mixed Platforms.Build.0 = Release|Any CPU
		{B3F9C1B6-9EA7-4A78-AC19-86A210893376}.Release|x86.ActiveCfg = Release|Any CPU
		{070AE642-3CB4-42C6-8232-31053ABF45BB}.Debug|Any CPU.ActiveCfg = Debug|Any CPU
		{070AE642-3CB4-42C6-8232-31053ABF45BB}.Debug|Any CPU.Build.0 = Debug|Any CPU
		{070AE642-3CB4-42C6-8232-31053ABF45BB}.Debug|Mixed Platforms.ActiveCfg = Debug|Any CPU
		{070AE642-3CB4-42C6-8232-31053ABF45BB}.Debug|Mixed Platforms.Build.0 = Debug|Any CPU
		{070AE642-3CB4-42C6-8232-31053ABF45BB}.Debug|x86.ActiveCfg = Debug|Any CPU
		{070AE642-3CB4-42C6-8232-31053ABF45BB}.Release|Any CPU.ActiveCfg = Release|Any CPU
		{070AE642-3CB4-42C6-8232-31053ABF45BB}.Release|Any CPU.Build.0 = Release|Any CPU
		{070AE642-3CB4-42C6-8232-31053ABF45BB}.Release|Mixed Platforms.ActiveCfg = Release|Any CPU
		{070AE642-3CB4-42C6-8232-31053ABF45BB}.Release|Mixed Platforms.Build.0 = Release|Any CPU
		{070AE642-3CB4-42C6-8232-31053ABF45BB}.Release|x86.ActiveCfg = Release|Any CPU
		{589A8320-F7FD-44BA-A734-5C69E8B917D4}.Debug|Any CPU.ActiveCfg = Debug|Any CPU
		{589A8320-F7FD-44BA-A734-5C69E8B917D4}.Debug|Any CPU.Build.0 = Debug|Any CPU
		{589A8320-F7FD-44BA-A734-5C69E8B917D4}.Debug|Mixed Platforms.ActiveCfg = Debug|Any CPU
		{589A8320-F7FD-44BA-A734-5C69E8B917D4}.Debug|Mixed Platforms.Build.0 = Debug|Any CPU
		{589A8320-F7FD-44BA-A734-5C69E8B917D4}.Debug|x86.ActiveCfg = Debug|Any CPU
		{589A8320-F7FD-44BA-A734-5C69E8B917D4}.Release|Any CPU.ActiveCfg = Release|Any CPU
		{589A8320-F7FD-44BA-A734-5C69E8B917D4}.Release|Any CPU.Build.0 = Release|Any CPU
		{589A8320-F7FD-44BA-A734-5C69E8B917D4}.Release|Mixed Platforms.ActiveCfg = Release|Any CPU
		{589A8320-F7FD-44BA-A734-5C69E8B917D4}.Release|Mixed Platforms.Build.0 = Release|Any CPU
		{589A8320-F7FD-44BA-A734-5C69E8B917D4}.Release|x86.ActiveCfg = Release|Any CPU
		{4C0F68EA-122A-418D-9A47-D950ED8E2AB5}.Debug|Any CPU.ActiveCfg = Debug|Any CPU
		{4C0F68EA-122A-418D-9A47-D950ED8E2AB5}.Debug|Any CPU.Build.0 = Debug|Any CPU
		{4C0F68EA-122A-418D-9A47-D950ED8E2AB5}.Debug|Mixed Platforms.ActiveCfg = Debug|Any CPU
		{4C0F68EA-122A-418D-9A47-D950ED8E2AB5}.Debug|Mixed Platforms.Build.0 = Debug|Any CPU
		{4C0F68EA-122A-418D-9A47-D950ED8E2AB5}.Debug|x86.ActiveCfg = Debug|Any CPU
		{4C0F68EA-122A-418D-9A47-D950ED8E2AB5}.Release|Any CPU.ActiveCfg = Release|Any CPU
		{4C0F68EA-122A-418D-9A47-D950ED8E2AB5}.Release|Any CPU.Build.0 = Release|Any CPU
		{4C0F68EA-122A-418D-9A47-D950ED8E2AB5}.Release|Mixed Platforms.ActiveCfg = Release|Any CPU
		{4C0F68EA-122A-418D-9A47-D950ED8E2AB5}.Release|Mixed Platforms.Build.0 = Release|Any CPU
		{4C0F68EA-122A-418D-9A47-D950ED8E2AB5}.Release|x86.ActiveCfg = Release|Any CPU
		{FF1E28F2-58E4-4914-AA53-7569B1E34B28}.Debug|Any CPU.ActiveCfg = Debug|Any CPU
		{FF1E28F2-58E4-4914-AA53-7569B1E34B28}.Debug|Any CPU.Build.0 = Debug|Any CPU
		{FF1E28F2-58E4-4914-AA53-7569B1E34B28}.Debug|Mixed Platforms.ActiveCfg = Debug|Any CPU
		{FF1E28F2-58E4-4914-AA53-7569B1E34B28}.Debug|Mixed Platforms.Build.0 = Debug|Any CPU
		{FF1E28F2-58E4-4914-AA53-7569B1E34B28}.Debug|x86.ActiveCfg = Debug|Any CPU
		{FF1E28F2-58E4-4914-AA53-7569B1E34B28}.Release|Any CPU.ActiveCfg = Release|Any CPU
		{FF1E28F2-58E4-4914-AA53-7569B1E34B28}.Release|Any CPU.Build.0 = Release|Any CPU
		{FF1E28F2-58E4-4914-AA53-7569B1E34B28}.Release|Mixed Platforms.ActiveCfg = Release|Any CPU
		{FF1E28F2-58E4-4914-AA53-7569B1E34B28}.Release|Mixed Platforms.Build.0 = Release|Any CPU
		{FF1E28F2-58E4-4914-AA53-7569B1E34B28}.Release|x86.ActiveCfg = Release|Any CPU
		{21756B5E-15A7-4ADF-8715-14A94FFD88FE}.Debug|Any CPU.ActiveCfg = Debug|Any CPU
		{21756B5E-15A7-4ADF-8715-14A94FFD88FE}.Debug|Any CPU.Build.0 = Debug|Any CPU
		{21756B5E-15A7-4ADF-8715-14A94FFD88FE}.Debug|Mixed Platforms.ActiveCfg = Debug|Any CPU
		{21756B5E-15A7-4ADF-8715-14A94FFD88FE}.Debug|Mixed Platforms.Build.0 = Debug|Any CPU
		{21756B5E-15A7-4ADF-8715-14A94FFD88FE}.Debug|x86.ActiveCfg = Debug|Any CPU
		{21756B5E-15A7-4ADF-8715-14A94FFD88FE}.Release|Any CPU.ActiveCfg = Release|Any CPU
		{21756B5E-15A7-4ADF-8715-14A94FFD88FE}.Release|Any CPU.Build.0 = Release|Any CPU
		{21756B5E-15A7-4ADF-8715-14A94FFD88FE}.Release|Mixed Platforms.ActiveCfg = Release|Any CPU
		{21756B5E-15A7-4ADF-8715-14A94FFD88FE}.Release|Mixed Platforms.Build.0 = Release|Any CPU
		{21756B5E-15A7-4ADF-8715-14A94FFD88FE}.Release|x86.ActiveCfg = Release|Any CPU
		{DE52000C-B543-4874-8647-38ED9E4C5481}.Debug|Any CPU.ActiveCfg = Debug|x86
		{DE52000C-B543-4874-8647-38ED9E4C5481}.Debug|Mixed Platforms.ActiveCfg = Debug|x86
		{DE52000C-B543-4874-8647-38ED9E4C5481}.Debug|Mixed Platforms.Build.0 = Debug|x86
		{DE52000C-B543-4874-8647-38ED9E4C5481}.Debug|x86.ActiveCfg = Debug|x86
		{DE52000C-B543-4874-8647-38ED9E4C5481}.Debug|x86.Build.0 = Debug|x86
		{DE52000C-B543-4874-8647-38ED9E4C5481}.Release|Any CPU.ActiveCfg = Release|x86
		{DE52000C-B543-4874-8647-38ED9E4C5481}.Release|Mixed Platforms.ActiveCfg = Release|x86
		{DE52000C-B543-4874-8647-38ED9E4C5481}.Release|Mixed Platforms.Build.0 = Release|x86
		{DE52000C-B543-4874-8647-38ED9E4C5481}.Release|x86.ActiveCfg = Release|x86
		{DE52000C-B543-4874-8647-38ED9E4C5481}.Release|x86.Build.0 = Release|x86
		{32DCD27D-A84C-4250-B657-408B3620A9AC}.Debug|Any CPU.ActiveCfg = Debug|Any CPU
		{32DCD27D-A84C-4250-B657-408B3620A9AC}.Debug|Any CPU.Build.0 = Debug|Any CPU
		{32DCD27D-A84C-4250-B657-408B3620A9AC}.Debug|Mixed Platforms.ActiveCfg = Debug|Any CPU
		{32DCD27D-A84C-4250-B657-408B3620A9AC}.Debug|Mixed Platforms.Build.0 = Debug|Any CPU
		{32DCD27D-A84C-4250-B657-408B3620A9AC}.Debug|x86.ActiveCfg = Debug|Any CPU
		{32DCD27D-A84C-4250-B657-408B3620A9AC}.Release|Any CPU.ActiveCfg = Release|Any CPU
		{32DCD27D-A84C-4250-B657-408B3620A9AC}.Release|Any CPU.Build.0 = Release|Any CPU
		{32DCD27D-A84C-4250-B657-408B3620A9AC}.Release|Mixed Platforms.ActiveCfg = Release|Any CPU
		{32DCD27D-A84C-4250-B657-408B3620A9AC}.Release|Mixed Platforms.Build.0 = Release|Any CPU
		{32DCD27D-A84C-4250-B657-408B3620A9AC}.Release|x86.ActiveCfg = Release|Any CPU
		{67CBC824-A49E-4E9B-A947-360F3DFE65C3}.Debug|Any CPU.ActiveCfg = Debug|Any CPU
		{67CBC824-A49E-4E9B-A947-360F3DFE65C3}.Debug|Any CPU.Build.0 = Debug|Any CPU
		{67CBC824-A49E-4E9B-A947-360F3DFE65C3}.Debug|Any CPU.Deploy.0 = Debug|Any CPU
		{67CBC824-A49E-4E9B-A947-360F3DFE65C3}.Debug|Mixed Platforms.ActiveCfg = Debug|Any CPU
		{67CBC824-A49E-4E9B-A947-360F3DFE65C3}.Debug|Mixed Platforms.Build.0 = Debug|Any CPU
		{67CBC824-A49E-4E9B-A947-360F3DFE65C3}.Debug|Mixed Platforms.Deploy.0 = Debug|Any CPU
		{67CBC824-A49E-4E9B-A947-360F3DFE65C3}.Debug|x86.ActiveCfg = Debug|Any CPU
		{67CBC824-A49E-4E9B-A947-360F3DFE65C3}.Release|Any CPU.ActiveCfg = Release|Any CPU
		{67CBC824-A49E-4E9B-A947-360F3DFE65C3}.Release|Any CPU.Build.0 = Release|Any CPU
		{67CBC824-A49E-4E9B-A947-360F3DFE65C3}.Release|Any CPU.Deploy.0 = Release|Any CPU
		{67CBC824-A49E-4E9B-A947-360F3DFE65C3}.Release|Mixed Platforms.ActiveCfg = Release|Any CPU
		{67CBC824-A49E-4E9B-A947-360F3DFE65C3}.Release|Mixed Platforms.Build.0 = Release|Any CPU
		{67CBC824-A49E-4E9B-A947-360F3DFE65C3}.Release|Mixed Platforms.Deploy.0 = Release|Any CPU
		{67CBC824-A49E-4E9B-A947-360F3DFE65C3}.Release|x86.ActiveCfg = Release|Any CPU
		{652272E4-DF08-47E7-98BB-F99157B46C4A}.Debug|Any CPU.ActiveCfg = Debug|Any CPU
		{652272E4-DF08-47E7-98BB-F99157B46C4A}.Debug|Any CPU.Build.0 = Debug|Any CPU
		{652272E4-DF08-47E7-98BB-F99157B46C4A}.Debug|Any CPU.Deploy.0 = Debug|Any CPU
		{652272E4-DF08-47E7-98BB-F99157B46C4A}.Debug|Mixed Platforms.ActiveCfg = Debug|Any CPU
		{652272E4-DF08-47E7-98BB-F99157B46C4A}.Debug|Mixed Platforms.Build.0 = Debug|Any CPU
		{652272E4-DF08-47E7-98BB-F99157B46C4A}.Debug|Mixed Platforms.Deploy.0 = Debug|Any CPU
		{652272E4-DF08-47E7-98BB-F99157B46C4A}.Debug|x86.ActiveCfg = Debug|Any CPU
		{652272E4-DF08-47E7-98BB-F99157B46C4A}.Release|Any CPU.ActiveCfg = Release|Any CPU
		{652272E4-DF08-47E7-98BB-F99157B46C4A}.Release|Any CPU.Build.0 = Release|Any CPU
		{652272E4-DF08-47E7-98BB-F99157B46C4A}.Release|Any CPU.Deploy.0 = Release|Any CPU
		{652272E4-DF08-47E7-98BB-F99157B46C4A}.Release|Mixed Platforms.ActiveCfg = Release|Any CPU
		{652272E4-DF08-47E7-98BB-F99157B46C4A}.Release|Mixed Platforms.Build.0 = Release|Any CPU
		{652272E4-DF08-47E7-98BB-F99157B46C4A}.Release|Mixed Platforms.Deploy.0 = Release|Any CPU
		{652272E4-DF08-47E7-98BB-F99157B46C4A}.Release|x86.ActiveCfg = Release|Any CPU
	EndGlobalSection
	GlobalSection(SolutionProperties) = preSolution
		HideSolutionNode = FALSE
	EndGlobalSection
	GlobalSection(NestedProjects) = preSolution
		{32407B40-4B8F-4EB6-902B-B9007B446B53} = {4CBCA1F8-9BE6-4FFA-8DF2-DB166DE57DE6}
		{15348C06-037F-43C4-BB44-8B0BE41697DA} = {4CBCA1F8-9BE6-4FFA-8DF2-DB166DE57DE6}
		{0F580170-C195-4D7A-92E5-3C7885D3669B} = {4CBCA1F8-9BE6-4FFA-8DF2-DB166DE57DE6}
		{03C3630D-DF8D-4269-A931-58DE286124A4} = {4CBCA1F8-9BE6-4FFA-8DF2-DB166DE57DE6}
		{CDF66ED4-E7C4-40BF-AB81-4F00F07DC636} = {4CBCA1F8-9BE6-4FFA-8DF2-DB166DE57DE6}
		{79A15565-916C-41A0-BD86-AC806838D8CB} = {4CBCA1F8-9BE6-4FFA-8DF2-DB166DE57DE6}
		{8BA0613E-4C4D-4E7B-B1CB-A96123FECDEB} = {4CBCA1F8-9BE6-4FFA-8DF2-DB166DE57DE6}
		{9CBA269B-6716-44CD-9D9D-B369409FB19A} = {4CBCA1F8-9BE6-4FFA-8DF2-DB166DE57DE6}
		{E04C12B5-A6D3-4D64-9F38-896BEE68162E} = {4CBCA1F8-9BE6-4FFA-8DF2-DB166DE57DE6}
		{BEEBFC8E-91EC-4E24-8223-395C2302C1B3} = {4CBCA1F8-9BE6-4FFA-8DF2-DB166DE57DE6}
		{07C2BF77-9646-4C39-BDB2-852B76AA6C75} = {4CBCA1F8-9BE6-4FFA-8DF2-DB166DE57DE6}
		{00634E6C-A282-404A-B08B-338FD4CA41A9} = {4CBCA1F8-9BE6-4FFA-8DF2-DB166DE57DE6}
		{266DAB4E-3EAD-46A5-88D5-0D9B6EC73A86} = {4CBCA1F8-9BE6-4FFA-8DF2-DB166DE57DE6}
		{89011731-14AE-4349-9723-8DF140E97DAC} = {4CBCA1F8-9BE6-4FFA-8DF2-DB166DE57DE6}
		{170D1B64-0A4B-42A5-A550-B2FED64EBA03} = {4CBCA1F8-9BE6-4FFA-8DF2-DB166DE57DE6}
		{4FD8A046-88E3-4052-9543-B9D680534A54} = {4CBCA1F8-9BE6-4FFA-8DF2-DB166DE57DE6}
	EndGlobalSection
EndGlobal
